// !$*UTF8*$!
{
	archiveVersion = 1;
	classes = {
	};
	objectVersion = 56;
	objects = {

/* Begin PBXBuildFile section */
		366DD9DF2A8D8F9900FB73A6 /* reload.wav in Resources */ = {isa = PBXBuildFile; fileRef = 366DD9DB2A8D8F9800FB73A6 /* reload.wav */; };
		366DD9E02A8D8F9900FB73A6 /* gameOver.wav in Resources */ = {isa = PBXBuildFile; fileRef = 366DD9DC2A8D8F9800FB73A6 /* gameOver.wav */; };
		366DD9E12A8D8F9900FB73A6 /* empty.wav in Resources */ = {isa = PBXBuildFile; fileRef = 366DD9DD2A8D8F9800FB73A6 /* empty.wav */; };
		366DD9E22A8D8F9900FB73A6 /* shot.wav in Resources */ = {isa = PBXBuildFile; fileRef = 366DD9DE2A8D8F9900FB73A6 /* shot.wav */; };
		366DD9E42A8D8FAF00FB73A6 /* Sounds.swift in Sources */ = {isa = PBXBuildFile; fileRef = 366DD9E32A8D8FAF00FB73A6 /* Sounds.swift */; };
		366DD9E62A8D900700FB73A6 /* Target.swift in Sources */ = {isa = PBXBuildFile; fileRef = 366DD9E52A8D900700FB73A6 /* Target.swift */; };
		36DE7F2A2A4CAC4700504A3D /* AppDelegate.swift in Sources */ = {isa = PBXBuildFile; fileRef = 36DE7F292A4CAC4700504A3D /* AppDelegate.swift */; };
		36DE7F2C2A4CAC4700504A3D /* GameScene.sks in Resources */ = {isa = PBXBuildFile; fileRef = 36DE7F2B2A4CAC4700504A3D /* GameScene.sks */; };
		36DE7F302A4CAC4700504A3D /* GameScene.swift in Sources */ = {isa = PBXBuildFile; fileRef = 36DE7F2F2A4CAC4700504A3D /* GameScene.swift */; };
		36DE7F322A4CAC4700504A3D /* GameViewController.swift in Sources */ = {isa = PBXBuildFile; fileRef = 36DE7F312A4CAC4700504A3D /* GameViewController.swift */; };
		36DE7F352A4CAC4700504A3D /* Main.storyboard in Resources */ = {isa = PBXBuildFile; fileRef = 36DE7F332A4CAC4700504A3D /* Main.storyboard */; };
		36DE7F372A4CAC4800504A3D /* Assets.xcassets in Resources */ = {isa = PBXBuildFile; fileRef = 36DE7F362A4CAC4800504A3D /* Assets.xcassets */; };
		36DE7F3A2A4CAC4800504A3D /* LaunchScreen.storyboard in Resources */ = {isa = PBXBuildFile; fileRef = 36DE7F382A4CAC4800504A3D /* LaunchScreen.storyboard */; };
/* End PBXBuildFile section */

/* Begin PBXFileReference section */
		366DD9DB2A8D8F9800FB73A6 /* reload.wav */ = {isa = PBXFileReference; lastKnownFileType = audio.wav; path = reload.wav; sourceTree = "<group>"; };
		366DD9DC2A8D8F9800FB73A6 /* gameOver.wav */ = {isa = PBXFileReference; lastKnownFileType = audio.wav; path = gameOver.wav; sourceTree = "<group>"; };
		366DD9DD2A8D8F9800FB73A6 /* empty.wav */ = {isa = PBXFileReference; lastKnownFileType = audio.wav; path = empty.wav; sourceTree = "<group>"; };
		366DD9DE2A8D8F9900FB73A6 /* shot.wav */ = {isa = PBXFileReference; lastKnownFileType = audio.wav; path = shot.wav; sourceTree = "<group>"; };
		366DD9E32A8D8FAF00FB73A6 /* Sounds.swift */ = {isa = PBXFileReference; lastKnownFileType = sourcecode.swift; path = Sounds.swift; sourceTree = "<group>"; };
		366DD9E52A8D900700FB73A6 /* Target.swift */ = {isa = PBXFileReference; lastKnownFileType = sourcecode.swift; path = Target.swift; sourceTree = "<group>"; };
		36DE7F262A4CAC4700504A3D /* Milestone - Projects 16-18.app */ = {isa = PBXFileReference; explicitFileType = wrapper.application; includeInIndex = 0; path = "Milestone - Projects 16-18.app"; sourceTree = BUILT_PRODUCTS_DIR; };
		36DE7F292A4CAC4700504A3D /* AppDelegate.swift */ = {isa = PBXFileReference; lastKnownFileType = sourcecode.swift; path = AppDelegate.swift; sourceTree = "<group>"; };
		36DE7F2B2A4CAC4700504A3D /* GameScene.sks */ = {isa = PBXFileReference; lastKnownFileType = file.sks; path = GameScene.sks; sourceTree = "<group>"; };
		36DE7F2F2A4CAC4700504A3D /* GameScene.swift */ = {isa = PBXFileReference; lastKnownFileType = sourcecode.swift; path = GameScene.swift; sourceTree = "<group>"; };
		36DE7F312A4CAC4700504A3D /* GameViewController.swift */ = {isa = PBXFileReference; lastKnownFileType = sourcecode.swift; path = GameViewController.swift; sourceTree = "<group>"; };
		36DE7F342A4CAC4700504A3D /* Base */ = {isa = PBXFileReference; lastKnownFileType = file.storyboard; name = Base; path = Base.lproj/Main.storyboard; sourceTree = "<group>"; };
		36DE7F362A4CAC4800504A3D /* Assets.xcassets */ = {isa = PBXFileReference; lastKnownFileType = folder.assetcatalog; path = Assets.xcassets; sourceTree = "<group>"; };
		36DE7F392A4CAC4800504A3D /* Base */ = {isa = PBXFileReference; lastKnownFileType = file.storyboard; name = Base; path = Base.lproj/LaunchScreen.storyboard; sourceTree = "<group>"; };
/* End PBXFileReference section */

/* Begin PBXFrameworksBuildPhase section */
		36DE7F232A4CAC4700504A3D /* Frameworks */ = {
			isa = PBXFrameworksBuildPhase;
			buildActionMask = 2147483647;
			files = (
			);
			runOnlyForDeploymentPostprocessing = 0;
		};
/* End PBXFrameworksBuildPhase section */

/* Begin PBXGroup section */
		366DD9DA2A8D8F4E00FB73A6 /* Sounds */ = {
			isa = PBXGroup;
			children = (
				366DD9DD2A8D8F9800FB73A6 /* empty.wav */,
				366DD9DC2A8D8F9800FB73A6 /* gameOver.wav */,
				366DD9DB2A8D8F9800FB73A6 /* reload.wav */,
				366DD9DE2A8D8F9900FB73A6 /* shot.wav */,
				366DD9E32A8D8FAF00FB73A6 /* Sounds.swift */,
			);
			path = Sounds;
			sourceTree = "<group>";
		};
		36DE7F1D2A4CAC4700504A3D = {
			isa = PBXGroup;
			children = (
				36DE7F282A4CAC4700504A3D /* Milestone - Projects 16-18 */,
				36DE7F272A4CAC4700504A3D /* Products */,
			);
			sourceTree = "<group>";
		};
		36DE7F272A4CAC4700504A3D /* Products */ = {
			isa = PBXGroup;
			children = (
				36DE7F262A4CAC4700504A3D /* Milestone - Projects 16-18.app */,
			);
			name = Products;
			sourceTree = "<group>";
		};
		36DE7F282A4CAC4700504A3D /* Milestone - Projects 16-18 */ = {
			isa = PBXGroup;
			children = (
				36DE7F292A4CAC4700504A3D /* AppDelegate.swift */,
				36DE7F2B2A4CAC4700504A3D /* GameScene.sks */,
				36DE7F2F2A4CAC4700504A3D /* GameScene.swift */,
				36DE7F312A4CAC4700504A3D /* GameViewController.swift */,
				366DD9E52A8D900700FB73A6 /* Target.swift */,
				366DD9DA2A8D8F4E00FB73A6 /* Sounds */,
				36DE7F362A4CAC4800504A3D /* Assets.xcassets */,
				36DE7F332A4CAC4700504A3D /* Main.storyboard */,
				36DE7F382A4CAC4800504A3D /* LaunchScreen.storyboard */,
			);
			path = "Milestone - Projects 16-18";
			sourceTree = "<group>";
		};
/* End PBXGroup section */

/* Begin PBXNativeTarget section */
		36DE7F252A4CAC4700504A3D /* Milestone - Projects 16-18 */ = {
			isa = PBXNativeTarget;
			buildConfigurationList = 36DE7F3D2A4CAC4800504A3D /* Build configuration list for PBXNativeTarget "Milestone - Projects 16-18" */;
			buildPhases = (
				36DE7F222A4CAC4700504A3D /* Sources */,
				36DE7F232A4CAC4700504A3D /* Frameworks */,
				36DE7F242A4CAC4700504A3D /* Resources */,
			);
			buildRules = (
			);
			dependencies = (
			);
			name = "Milestone - Projects 16-18";
			productName = "Milestone - Projects 16-18";
			productReference = 36DE7F262A4CAC4700504A3D /* Milestone - Projects 16-18.app */;
			productType = "com.apple.product-type.application";
		};
/* End PBXNativeTarget section */

/* Begin PBXProject section */
		36DE7F1E2A4CAC4700504A3D /* Project object */ = {
			isa = PBXProject;
			attributes = {
				BuildIndependentTargetsInParallel = 1;
				LastSwiftUpdateCheck = 1430;
				LastUpgradeCheck = 1430;
				TargetAttributes = {
					36DE7F252A4CAC4700504A3D = {
						CreatedOnToolsVersion = 14.3.1;
					};
				};
			};
			buildConfigurationList = 36DE7F212A4CAC4700504A3D /* Build configuration list for PBXProject "Milestone - Projects 16-18" */;
			compatibilityVersion = "Xcode 14.0";
			developmentRegion = en;
			hasScannedForEncodings = 0;
			knownRegions = (
				en,
				Base,
			);
			mainGroup = 36DE7F1D2A4CAC4700504A3D;
			productRefGroup = 36DE7F272A4CAC4700504A3D /* Products */;
			projectDirPath = "";
			projectRoot = "";
			targets = (
				36DE7F252A4CAC4700504A3D /* Milestone - Projects 16-18 */,
			);
		};
/* End PBXProject section */

/* Begin PBXResourcesBuildPhase section */
		36DE7F242A4CAC4700504A3D /* Resources */ = {
			isa = PBXResourcesBuildPhase;
			buildActionMask = 2147483647;
			files = (
				366DD9E02A8D8F9900FB73A6 /* gameOver.wav in Resources */,
				36DE7F352A4CAC4700504A3D /* Main.storyboard in Resources */,
				366DD9E22A8D8F9900FB73A6 /* shot.wav in Resources */,
				366DD9E12A8D8F9900FB73A6 /* empty.wav in Resources */,
				36DE7F2C2A4CAC4700504A3D /* GameScene.sks in Resources */,
				36DE7F372A4CAC4800504A3D /* Assets.xcassets in Resources */,
				36DE7F3A2A4CAC4800504A3D /* LaunchScreen.storyboard in Resources */,
				366DD9DF2A8D8F9900FB73A6 /* reload.wav in Resources */,
			);
			runOnlyForDeploymentPostprocessing = 0;
		};
/* End PBXResourcesBuildPhase section */

/* Begin PBXSourcesBuildPhase section */
		36DE7F222A4CAC4700504A3D /* Sources */ = {
			isa = PBXSourcesBuildPhase;
			buildActionMask = 2147483647;
			files = (
				36DE7F302A4CAC4700504A3D /* GameScene.swift in Sources */,
				36DE7F322A4CAC4700504A3D /* GameViewController.swift in Sources */,
				36DE7F2A2A4CAC4700504A3D /* AppDelegate.swift in Sources */,
				366DD9E42A8D8FAF00FB73A6 /* Sounds.swift in Sources */,
				366DD9E62A8D900700FB73A6 /* Target.swift in Sources */,
			);
			runOnlyForDeploymentPostprocessing = 0;
		};
/* End PBXSourcesBuildPhase section */

/* Begin PBXVariantGroup section */
		36DE7F332A4CAC4700504A3D /* Main.storyboard */ = {
			isa = PBXVariantGroup;
			children = (
				36DE7F342A4CAC4700504A3D /* Base */,
			);
			name = Main.storyboard;
			sourceTree = "<group>";
		};
		36DE7F382A4CAC4800504A3D /* LaunchScreen.storyboard */ = {
			isa = PBXVariantGroup;
			children = (
				36DE7F392A4CAC4800504A3D /* Base */,
			);
			name = LaunchScreen.storyboard;
			sourceTree = "<group>";
		};
/* End PBXVariantGroup section */

/* Begin XCBuildConfiguration section */
		36DE7F3B2A4CAC4800504A3D /* Debug */ = {
			isa = XCBuildConfiguration;
			buildSettings = {
				ALWAYS_SEARCH_USER_PATHS = NO;
				CLANG_ANALYZER_NONNULL = YES;
				CLANG_ANALYZER_NUMBER_OBJECT_CONVERSION = YES_AGGRESSIVE;
				CLANG_CXX_LANGUAGE_STANDARD = "gnu++20";
				CLANG_ENABLE_MODULES = YES;
				CLANG_ENABLE_OBJC_ARC = YES;
				CLANG_ENABLE_OBJC_WEAK = YES;
				CLANG_WARN_BLOCK_CAPTURE_AUTORELEASING = YES;
				CLANG_WARN_BOOL_CONVERSION = YES;
				CLANG_WARN_COMMA = YES;
				CLANG_WARN_CONSTANT_CONVERSION = YES;
				CLANG_WARN_DEPRECATED_OBJC_IMPLEMENTATIONS = YES;
				CLANG_WARN_DIRECT_OBJC_ISA_USAGE = YES_ERROR;
				CLANG_WARN_DOCUMENTATION_COMMENTS = YES;
				CLANG_WARN_EMPTY_BODY = YES;
				CLANG_WARN_ENUM_CONVERSION = YES;
				CLANG_WARN_INFINITE_RECURSION = YES;
				CLANG_WARN_INT_CONVERSION = YES;
				CLANG_WARN_NON_LITERAL_NULL_CONVERSION = YES;
				CLANG_WARN_OBJC_IMPLICIT_RETAIN_SELF = YES;
				CLANG_WARN_OBJC_LITERAL_CONVERSION = YES;
				CLANG_WARN_OBJC_ROOT_CLASS = YES_ERROR;
				CLANG_WARN_QUOTED_INCLUDE_IN_FRAMEWORK_HEADER = YES;
				CLANG_WARN_RANGE_LOOP_ANALYSIS = YES;
				CLANG_WARN_STRICT_PROTOTYPES = YES;
				CLANG_WARN_SUSPICIOUS_MOVE = YES;
				CLANG_WARN_UNGUARDED_AVAILABILITY = YES_AGGRESSIVE;
				CLANG_WARN_UNREACHABLE_CODE = YES;
				CLANG_WARN__DUPLICATE_METHOD_MATCH = YES;
				COPY_PHASE_STRIP = NO;
				DEBUG_INFORMATION_FORMAT = dwarf;
				ENABLE_STRICT_OBJC_MSGSEND = YES;
				ENABLE_TESTABILITY = YES;
				GCC_C_LANGUAGE_STANDARD = gnu11;
				GCC_DYNAMIC_NO_PIC = NO;
				GCC_NO_COMMON_BLOCKS = YES;
				GCC_OPTIMIZATION_LEVEL = 0;
				GCC_PREPROCESSOR_DEFINITIONS = (
					"DEBUG=1",
					"$(inherited)",
				);
				GCC_WARN_64_TO_32_BIT_CONVERSION = YES;
				GCC_WARN_ABOUT_RETURN_TYPE = YES_ERROR;
				GCC_WARN_UNDECLARED_SELECTOR = YES;
				GCC_WARN_UNINITIALIZED_AUTOS = YES_AGGRESSIVE;
				GCC_WARN_UNUSED_FUNCTION = YES;
				GCC_WARN_UNUSED_VARIABLE = YES;
				IPHONEOS_DEPLOYMENT_TARGET = 16.4;
				MTL_ENABLE_DEBUG_INFO = INCLUDE_SOURCE;
				MTL_FAST_MATH = YES;
				ONLY_ACTIVE_ARCH = YES;
				SDKROOT = iphoneos;
				SWIFT_ACTIVE_COMPILATION_CONDITIONS = DEBUG;
				SWIFT_OPTIMIZATION_LEVEL = "-Onone";
			};
			name = Debug;
		};
		36DE7F3C2A4CAC4800504A3D /* Release */ = {
			isa = XCBuildConfiguration;
			buildSettings = {
				ALWAYS_SEARCH_USER_PATHS = NO;
				CLANG_ANALYZER_NONNULL = YES;
				CLANG_ANALYZER_NUMBER_OBJECT_CONVERSION = YES_AGGRESSIVE;
				CLANG_CXX_LANGUAGE_STANDARD = "gnu++20";
				CLANG_ENABLE_MODULES = YES;
				CLANG_ENABLE_OBJC_ARC = YES;
				CLANG_ENABLE_OBJC_WEAK = YES;
				CLANG_WARN_BLOCK_CAPTURE_AUTORELEASING = YES;
				CLANG_WARN_BOOL_CONVERSION = YES;
				CLANG_WARN_COMMA = YES;
				CLANG_WARN_CONSTANT_CONVERSION = YES;
				CLANG_WARN_DEPRECATED_OBJC_IMPLEMENTATIONS = YES;
				CLANG_WARN_DIRECT_OBJC_ISA_USAGE = YES_ERROR;
				CLANG_WARN_DOCUMENTATION_COMMENTS = YES;
				CLANG_WARN_EMPTY_BODY = YES;
				CLANG_WARN_ENUM_CONVERSION = YES;
				CLANG_WARN_INFINITE_RECURSION = YES;
				CLANG_WARN_INT_CONVERSION = YES;
				CLANG_WARN_NON_LITERAL_NULL_CONVERSION = YES;
				CLANG_WARN_OBJC_IMPLICIT_RETAIN_SELF = YES;
				CLANG_WARN_OBJC_LITERAL_CONVERSION = YES;
				CLANG_WARN_OBJC_ROOT_CLASS = YES_ERROR;
				CLANG_WARN_QUOTED_INCLUDE_IN_FRAMEWORK_HEADER = YES;
				CLANG_WARN_RANGE_LOOP_ANALYSIS = YES;
				CLANG_WARN_STRICT_PROTOTYPES = YES;
				CLANG_WARN_SUSPICIOUS_MOVE = YES;
				CLANG_WARN_UNGUARDED_AVAILABILITY = YES_AGGRESSIVE;
				CLANG_WARN_UNREACHABLE_CODE = YES;
				CLANG_WARN__DUPLICATE_METHOD_MATCH = YES;
				COPY_PHASE_STRIP = NO;
				DEBUG_INFORMATION_FORMAT = "dwarf-with-dsym";
				ENABLE_NS_ASSERTIONS = NO;
				ENABLE_STRICT_OBJC_MSGSEND = YES;
				GCC_C_LANGUAGE_STANDARD = gnu11;
				GCC_NO_COMMON_BLOCKS = YES;
				GCC_WARN_64_TO_32_BIT_CONVERSION = YES;
				GCC_WARN_ABOUT_RETURN_TYPE = YES_ERROR;
				GCC_WARN_UNDECLARED_SELECTOR = YES;
				GCC_WARN_UNINITIALIZED_AUTOS = YES_AGGRESSIVE;
				GCC_WARN_UNUSED_FUNCTION = YES;
				GCC_WARN_UNUSED_VARIABLE = YES;
				IPHONEOS_DEPLOYMENT_TARGET = 16.4;
				MTL_ENABLE_DEBUG_INFO = NO;
				MTL_FAST_MATH = YES;
				SDKROOT = iphoneos;
				SWIFT_COMPILATION_MODE = wholemodule;
				SWIFT_OPTIMIZATION_LEVEL = "-O";
				VALIDATE_PRODUCT = YES;
			};
			name = Release;
		};
		36DE7F3E2A4CAC4800504A3D /* Debug */ = {
			isa = XCBuildConfiguration;
			buildSettings = {
				ASSETCATALOG_COMPILER_APPICON_NAME = AppIcon;
				ASSETCATALOG_COMPILER_GLOBAL_ACCENT_COLOR_NAME = AccentColor;
				CODE_SIGN_STYLE = Automatic;
				CURRENT_PROJECT_VERSION = 1;
				GENERATE_INFOPLIST_FILE = YES;
				INFOPLIST_KEY_UIApplicationSupportsIndirectInputEvents = YES;
				INFOPLIST_KEY_UILaunchStoryboardName = LaunchScreen;
				INFOPLIST_KEY_UIMainStoryboardFile = Main;
				INFOPLIST_KEY_UIStatusBarHidden = YES;
				INFOPLIST_KEY_UISupportedInterfaceOrientations = "UIInterfaceOrientationLandscapeLeft UIInterfaceOrientationLandscapeRight UIInterfaceOrientationPortrait";
				INFOPLIST_KEY_UISupportedInterfaceOrientations_iPad = "UIInterfaceOrientationLandscapeLeft UIInterfaceOrientationLandscapeRight";
				LD_RUNPATH_SEARCH_PATHS = (
					"$(inherited)",
					"@executable_path/Frameworks",
				);
				MARKETING_VERSION = 1.0;
				PRODUCT_BUNDLE_IDENTIFIER = "none.Milestone---Projects-16-18";
				PRODUCT_NAME = "$(TARGET_NAME)";
				SUPPORTED_PLATFORMS = "iphoneos iphonesimulator";
				SUPPORTS_MACCATALYST = NO;
				SUPPORTS_MAC_DESIGNED_FOR_IPHONE_IPAD = NO;
				SWIFT_EMIT_LOC_STRINGS = YES;
				SWIFT_VERSION = 5.0;
				TARGETED_DEVICE_FAMILY = 2;
			};
			name = Debug;
		};
		36DE7F3F2A4CAC4800504A3D /* Release */ = {
			isa = XCBuildConfiguration;
			buildSettings = {
				ASSETCATALOG_COMPILER_APPICON_NAME = AppIcon;
				ASSETCATALOG_COMPILER_GLOBAL_ACCENT_COLOR_NAME = AccentColor;
				CODE_SIGN_STYLE = Automatic;
				CURRENT_PROJECT_VERSION = 1;
				GENERATE_INFOPLIST_FILE = YES;
				INFOPLIST_KEY_UIApplicationSupportsIndirectInputEvents = YES;
				INFOPLIST_KEY_UILaunchStoryboardName = LaunchScreen;
				INFOPLIST_KEY_UIMainStoryboardFile = Main;
				INFOPLIST_KEY_UIStatusBarHidden = YES;
				INFOPLIST_KEY_UISupportedInterfaceOrientations = "UIInterfaceOrientationLandscapeLeft UIInterfaceOrientationLandscapeRight UIInterfaceOrientationPortrait";
				INFOPLIST_KEY_UISupportedInterfaceOrientations_iPad = "UIInterfaceOrientationLandscapeLeft UIInterfaceOrientationLandscapeRight";
				LD_RUNPATH_SEARCH_PATHS = (
					"$(inherited)",
					"@executable_path/Frameworks",
				);
				MARKETING_VERSION = 1.0;
				PRODUCT_BUNDLE_IDENTIFIER = "none.Milestone---Projects-16-18";
				PRODUCT_NAME = "$(TARGET_NAME)";
				SUPPORTED_PLATFORMS = "iphoneos iphonesimulator";
				SUPPORTS_MACCATALYST = NO;
				SUPPORTS_MAC_DESIGNED_FOR_IPHONE_IPAD = NO;
				SWIFT_EMIT_LOC_STRINGS = YES;
				SWIFT_VERSION = 5.0;
				TARGETED_DEVICE_FAMILY = 2;
			};
			name = Release;
		};
/* End XCBuildConfiguration section */

/* Begin XCConfigurationList section */
		36DE7F212A4CAC4700504A3D /* Build configuration list for PBXProject "Milestone - Projects 16-18" */ = {
			isa = XCConfigurationList;
			buildConfigurations = (
				36DE7F3B2A4CAC4800504A3D /* Debug */,
				36DE7F3C2A4CAC4800504A3D /* Release */,
			);
			defaultConfigurationIsVisible = 0;
			defaultConfigurationName = Release;
		};
		36DE7F3D2A4CAC4800504A3D /* Build configuration list for PBXNativeTarget "Milestone - Projects 16-18" */ = {
			isa = XCConfigurationList;
			buildConfigurations = (
				36DE7F3E2A4CAC4800504A3D /* Debug */,
				36DE7F3F2A4CAC4800504A3D /* Release */,
			);
			defaultConfigurationIsVisible = 0;
			defaultConfigurationName = Release;
		};
/* End XCConfigurationList section */
	};
	rootObject = 36DE7F1E2A4CAC4700504A3D /* Project object */;
}
