// !$*UTF8*$!
{
	archiveVersion = 1;
	classes = {
	};
	objectVersion = 56;
	objects = {

/* Begin PBXBuildFile section */
		36FBC0582A1FB6B700C5C35E /* AppDelegate.swift in Sources */ = {isa = PBXBuildFile; fileRef = 36FBC0572A1FB6B700C5C35E /* AppDelegate.swift */; };
		36FBC05A2A1FB6B700C5C35E /* SceneDelegate.swift in Sources */ = {isa = PBXBuildFile; fileRef = 36FBC0592A1FB6B700C5C35E /* SceneDelegate.swift */; };
		36FBC05C2A1FB6B700C5C35E /* ViewController.swift in Sources */ = {isa = PBXBuildFile; fileRef = 36FBC05B2A1FB6B700C5C35E /* ViewController.swift */; };
		36FBC05F2A1FB6B700C5C35E /* Main.storyboard in Resources */ = {isa = PBXBuildFile; fileRef = 36FBC05D2A1FB6B700C5C35E /* Main.storyboard */; };
		36FBC0612A1FB6B800C5C35E /* Assets.xcassets in Resources */ = {isa = PBXBuildFile; fileRef = 36FBC0602A1FB6B800C5C35E /* Assets.xcassets */; };
		36FBC0642A1FB6B800C5C35E /* LaunchScreen.storyboard in Resources */ = {isa = PBXBuildFile; fileRef = 36FBC0622A1FB6B800C5C35E /* LaunchScreen.storyboard */; };
		36FBC0722A1FBAFB00C5C35E /* UniformTypeIdentifiers.framework in Frameworks */ = {isa = PBXBuildFile; fileRef = 36FBC0712A1FBAFB00C5C35E /* UniformTypeIdentifiers.framework */; };
		36FBC0752A1FBAFB00C5C35E /* Media.xcassets in Resources */ = {isa = PBXBuildFile; fileRef = 36FBC0742A1FBAFB00C5C35E /* Media.xcassets */; };
		36FBC0772A1FBAFB00C5C35E /* ActionViewController.swift in Sources */ = {isa = PBXBuildFile; fileRef = 36FBC0762A1FBAFB00C5C35E /* ActionViewController.swift */; };
		36FBC07A2A1FBAFB00C5C35E /* MainInterface.storyboard in Resources */ = {isa = PBXBuildFile; fileRef = 36FBC0782A1FBAFB00C5C35E /* MainInterface.storyboard */; };
		36FBC07E2A1FBAFB00C5C35E /* Extension.appex in Embed Foundation Extensions */ = {isa = PBXBuildFile; fileRef = 36FBC06F2A1FBAFB00C5C35E /* Extension.appex */; settings = {ATTRIBUTES = (RemoveHeadersOnCopy, ); }; };
		36FBC0842A1FC0EE00C5C35E /* Action.js in Resources */ = {isa = PBXBuildFile; fileRef = 36FBC0832A1FC0EE00C5C35E /* Action.js */; };
/* End PBXBuildFile section */

/* Begin PBXContainerItemProxy section */
		36FBC07C2A1FBAFB00C5C35E /* PBXContainerItemProxy */ = {
			isa = PBXContainerItemProxy;
			containerPortal = 36FBC04C2A1FB6B700C5C35E /* Project object */;
			proxyType = 1;
			remoteGlobalIDString = 36FBC06E2A1FBAFB00C5C35E;
			remoteInfo = Extension;
		};
/* End PBXContainerItemProxy section */

/* Begin PBXCopyFilesBuildPhase section */
		36FBC0822A1FBAFB00C5C35E /* Embed Foundation Extensions */ = {
			isa = PBXCopyFilesBuildPhase;
			buildActionMask = 2147483647;
			dstPath = "";
			dstSubfolderSpec = 13;
			files = (
				36FBC07E2A1FBAFB00C5C35E /* Extension.appex in Embed Foundation Extensions */,
			);
			name = "Embed Foundation Extensions";
			runOnlyForDeploymentPostprocessing = 0;
		};
/* End PBXCopyFilesBuildPhase section */

/* Begin PBXFileReference section */
		36FBC0542A1FB6B700C5C35E /* Project 19.app */ = {isa = PBXFileReference; explicitFileType = wrapper.application; includeInIndex = 0; path = "Project 19.app"; sourceTree = BUILT_PRODUCTS_DIR; };
		36FBC0572A1FB6B700C5C35E /* AppDelegate.swift */ = {isa = PBXFileReference; lastKnownFileType = sourcecode.swift; path = AppDelegate.swift; sourceTree = "<group>"; };
		36FBC0592A1FB6B700C5C35E /* SceneDelegate.swift */ = {isa = PBXFileReference; lastKnownFileType = sourcecode.swift; path = SceneDelegate.swift; sourceTree = "<group>"; };
		36FBC05B2A1FB6B700C5C35E /* ViewController.swift */ = {isa = PBXFileReference; lastKnownFileType = sourcecode.swift; path = ViewController.swift; sourceTree = "<group>"; };
		36FBC05E2A1FB6B700C5C35E /* Base */ = {isa = PBXFileReference; lastKnownFileType = file.storyboard; name = Base; path = Base.lproj/Main.storyboard; sourceTree = "<group>"; };
		36FBC0602A1FB6B800C5C35E /* Assets.xcassets */ = {isa = PBXFileReference; lastKnownFileType = folder.assetcatalog; path = Assets.xcassets; sourceTree = "<group>"; };
		36FBC0632A1FB6B800C5C35E /* Base */ = {isa = PBXFileReference; lastKnownFileType = file.storyboard; name = Base; path = Base.lproj/LaunchScreen.storyboard; sourceTree = "<group>"; };
		36FBC0652A1FB6B800C5C35E /* Info.plist */ = {isa = PBXFileReference; lastKnownFileType = text.plist.xml; path = Info.plist; sourceTree = "<group>"; };
		36FBC06F2A1FBAFB00C5C35E /* Extension.appex */ = {isa = PBXFileReference; explicitFileType = "wrapper.app-extension"; includeInIndex = 0; path = Extension.appex; sourceTree = BUILT_PRODUCTS_DIR; };
		36FBC0712A1FBAFB00C5C35E /* UniformTypeIdentifiers.framework */ = {isa = PBXFileReference; lastKnownFileType = wrapper.framework; name = UniformTypeIdentifiers.framework; path = System/Library/Frameworks/UniformTypeIdentifiers.framework; sourceTree = SDKROOT; };
		36FBC0742A1FBAFB00C5C35E /* Media.xcassets */ = {isa = PBXFileReference; lastKnownFileType = folder.assetcatalog; path = Media.xcassets; sourceTree = "<group>"; };
		36FBC0762A1FBAFB00C5C35E /* ActionViewController.swift */ = {isa = PBXFileReference; lastKnownFileType = sourcecode.swift; path = ActionViewController.swift; sourceTree = "<group>"; };
		36FBC0792A1FBAFB00C5C35E /* Base */ = {isa = PBXFileReference; lastKnownFileType = file.storyboard; name = Base; path = Base.lproj/MainInterface.storyboard; sourceTree = "<group>"; };
		36FBC07B2A1FBAFB00C5C35E /* Info.plist */ = {isa = PBXFileReference; lastKnownFileType = text.plist.xml; path = Info.plist; sourceTree = "<group>"; };
		36FBC0832A1FC0EE00C5C35E /* Action.js */ = {isa = PBXFileReference; lastKnownFileType = sourcecode.javascript; path = Action.js; sourceTree = "<group>"; };
/* End PBXFileReference section */

/* Begin PBXFrameworksBuildPhase section */
		36FBC0512A1FB6B700C5C35E /* Frameworks */ = {
			isa = PBXFrameworksBuildPhase;
			buildActionMask = 2147483647;
			files = (
			);
			runOnlyForDeploymentPostprocessing = 0;
		};
		36FBC06C2A1FBAFB00C5C35E /* Frameworks */ = {
			isa = PBXFrameworksBuildPhase;
			buildActionMask = 2147483647;
			files = (
				36FBC0722A1FBAFB00C5C35E /* UniformTypeIdentifiers.framework in Frameworks */,
			);
			runOnlyForDeploymentPostprocessing = 0;
		};
/* End PBXFrameworksBuildPhase section */

/* Begin PBXGroup section */
		36FBC04B2A1FB6B700C5C35E = {
			isa = PBXGroup;
			children = (
				36FBC0562A1FB6B700C5C35E /* Project 19 */,
				36FBC0732A1FBAFB00C5C35E /* Extension */,
				36FBC0702A1FBAFB00C5C35E /* Frameworks */,
				36FBC0552A1FB6B700C5C35E /* Products */,
			);
			sourceTree = "<group>";
		};
		36FBC0552A1FB6B700C5C35E /* Products */ = {
			isa = PBXGroup;
			children = (
				36FBC0542A1FB6B700C5C35E /* Project 19.app */,
				36FBC06F2A1FBAFB00C5C35E /* Extension.appex */,
			);
			name = Products;
			sourceTree = "<group>";
		};
		36FBC0562A1FB6B700C5C35E /* Project 19 */ = {
			isa = PBXGroup;
			children = (
				36FBC0572A1FB6B700C5C35E /* AppDelegate.swift */,
				36FBC0592A1FB6B700C5C35E /* SceneDelegate.swift */,
				36FBC05B2A1FB6B700C5C35E /* ViewController.swift */,
				36FBC05D2A1FB6B700C5C35E /* Main.storyboard */,
				36FBC0602A1FB6B800C5C35E /* Assets.xcassets */,
				36FBC0622A1FB6B800C5C35E /* LaunchScreen.storyboard */,
				36FBC0652A1FB6B800C5C35E /* Info.plist */,
			);
			path = "Project 19";
			sourceTree = "<group>";
		};
		36FBC0702A1FBAFB00C5C35E /* Frameworks */ = {
			isa = PBXGroup;
			children = (
				36FBC0712A1FBAFB00C5C35E /* UniformTypeIdentifiers.framework */,
			);
			name = Frameworks;
			sourceTree = "<group>";
		};
		36FBC0732A1FBAFB00C5C35E /* Extension */ = {
			isa = PBXGroup;
			children = (
				36FBC0742A1FBAFB00C5C35E /* Media.xcassets */,
				36FBC0762A1FBAFB00C5C35E /* ActionViewController.swift */,
				36FBC0782A1FBAFB00C5C35E /* MainInterface.storyboard */,
				36FBC07B2A1FBAFB00C5C35E /* Info.plist */,
				36FBC0832A1FC0EE00C5C35E /* Action.js */,
			);
			path = Extension;
			sourceTree = "<group>";
		};
/* End PBXGroup section */

/* Begin PBXNativeTarget section */
		36FBC0532A1FB6B700C5C35E /* Project 19 */ = {
			isa = PBXNativeTarget;
			buildConfigurationList = 36FBC0682A1FB6B800C5C35E /* Build configuration list for PBXNativeTarget "Project 19" */;
			buildPhases = (
				36FBC0502A1FB6B700C5C35E /* Sources */,
				36FBC0512A1FB6B700C5C35E /* Frameworks */,
				36FBC0522A1FB6B700C5C35E /* Resources */,
				36FBC0822A1FBAFB00C5C35E /* Embed Foundation Extensions */,
			);
			buildRules = (
			);
			dependencies = (
				36FBC07D2A1FBAFB00C5C35E /* PBXTargetDependency */,
			);
			name = "Project 19";
			productName = "Project 19";
			productReference = 36FBC0542A1FB6B700C5C35E /* Project 19.app */;
			productType = "com.apple.product-type.application";
		};
		36FBC06E2A1FBAFB00C5C35E /* Extension */ = {
			isa = PBXNativeTarget;
			buildConfigurationList = 36FBC07F2A1FBAFB00C5C35E /* Build configuration list for PBXNativeTarget "Extension" */;
			buildPhases = (
				36FBC06B2A1FBAFB00C5C35E /* Sources */,
				36FBC06C2A1FBAFB00C5C35E /* Frameworks */,
				36FBC06D2A1FBAFB00C5C35E /* Resources */,
			);
			buildRules = (
			);
			dependencies = (
			);
			name = Extension;
			productName = Extension;
			productReference = 36FBC06F2A1FBAFB00C5C35E /* Extension.appex */;
			productType = "com.apple.product-type.app-extension";
		};
/* End PBXNativeTarget section */

/* Begin PBXProject section */
		36FBC04C2A1FB6B700C5C35E /* Project object */ = {
			isa = PBXProject;
			attributes = {
				BuildIndependentTargetsInParallel = 1;
				LastSwiftUpdateCheck = 1430;
				LastUpgradeCheck = 1430;
				TargetAttributes = {
					36FBC0532A1FB6B700C5C35E = {
						CreatedOnToolsVersion = 14.3;
					};
					36FBC06E2A1FBAFB00C5C35E = {
						CreatedOnToolsVersion = 14.3;
					};
				};
			};
			buildConfigurationList = 36FBC04F2A1FB6B700C5C35E /* Build configuration list for PBXProject "Project 19" */;
			compatibilityVersion = "Xcode 14.0";
			developmentRegion = en;
			hasScannedForEncodings = 0;
			knownRegions = (
				en,
				Base,
			);
			mainGroup = 36FBC04B2A1FB6B700C5C35E;
			productRefGroup = 36FBC0552A1FB6B700C5C35E /* Products */;
			projectDirPath = "";
			projectRoot = "";
			targets = (
				36FBC0532A1FB6B700C5C35E /* Project 19 */,
				36FBC06E2A1FBAFB00C5C35E /* Extension */,
			);
		};
/* End PBXProject section */

/* Begin PBXResourcesBuildPhase section */
		36FBC0522A1FB6B700C5C35E /* Resources */ = {
			isa = PBXResourcesBuildPhase;
			buildActionMask = 2147483647;
			files = (
				36FBC0642A1FB6B800C5C35E /* LaunchScreen.storyboard in Resources */,
				36FBC0612A1FB6B800C5C35E /* Assets.xcassets in Resources */,
				36FBC05F2A1FB6B700C5C35E /* Main.storyboard in Resources */,
			);
			runOnlyForDeploymentPostprocessing = 0;
		};
		36FBC06D2A1FBAFB00C5C35E /* Resources */ = {
			isa = PBXResourcesBuildPhase;
			buildActionMask = 2147483647;
			files = (
				36FBC0842A1FC0EE00C5C35E /* Action.js in Resources */,
				36FBC0752A1FBAFB00C5C35E /* Media.xcassets in Resources */,
				36FBC07A2A1FBAFB00C5C35E /* MainInterface.storyboard in Resources */,
			);
			runOnlyForDeploymentPostprocessing = 0;
		};
/* End PBXResourcesBuildPhase section */

/* Begin PBXSourcesBuildPhase section */
		36FBC0502A1FB6B700C5C35E /* Sources */ = {
			isa = PBXSourcesBuildPhase;
			buildActionMask = 2147483647;
			files = (
				36FBC05C2A1FB6B700C5C35E /* ViewController.swift in Sources */,
				36FBC0582A1FB6B700C5C35E /* AppDelegate.swift in Sources */,
				36FBC05A2A1FB6B700C5C35E /* SceneDelegate.swift in Sources */,
			);
			runOnlyForDeploymentPostprocessing = 0;
		};
		36FBC06B2A1FBAFB00C5C35E /* Sources */ = {
			isa = PBXSourcesBuildPhase;
			buildActionMask = 2147483647;
			files = (
				36FBC0772A1FBAFB00C5C35E /* ActionViewController.swift in Sources */,
			);
			runOnlyForDeploymentPostprocessing = 0;
		};
/* End PBXSourcesBuildPhase section */

/* Begin PBXTargetDependency section */
		36FBC07D2A1FBAFB00C5C35E /* PBXTargetDependency */ = {
			isa = PBXTargetDependency;
			target = 36FBC06E2A1FBAFB00C5C35E /* Extension */;
			targetProxy = 36FBC07C2A1FBAFB00C5C35E /* PBXContainerItemProxy */;
		};
/* End PBXTargetDependency section */

/* Begin PBXVariantGroup section */
		36FBC05D2A1FB6B700C5C35E /* Main.storyboard */ = {
			isa = PBXVariantGroup;
			children = (
				36FBC05E2A1FB6B700C5C35E /* Base */,
			);
			name = Main.storyboard;
			sourceTree = "<group>";
		};
		36FBC0622A1FB6B800C5C35E /* LaunchScreen.storyboard */ = {
			isa = PBXVariantGroup;
			children = (
				36FBC0632A1FB6B800C5C35E /* Base */,
			);
			name = LaunchScreen.storyboard;
			sourceTree = "<group>";
		};
		36FBC0782A1FBAFB00C5C35E /* MainInterface.storyboard */ = {
			isa = PBXVariantGroup;
			children = (
				36FBC0792A1FBAFB00C5C35E /* Base */,
			);
			name = MainInterface.storyboard;
			sourceTree = "<group>";
		};
/* End PBXVariantGroup section */

/* Begin XCBuildConfiguration section */
		36FBC0662A1FB6B800C5C35E /* Debug */ = {
			isa = XCBuildConfiguration;
			buildSettings = {
				ALWAYS_SEARCH_USER_PATHS = NO;
				CLANG_ANALYZER_NONNULL = YES;
				CLANG_ANALYZER_NUMBER_OBJECT_CONVERSION = YES_AGGRESSIVE;
				CLANG_CXX_LANGUAGE_STANDARD = "gnu++20";
				CLANG_ENABLE_MODULES = YES;
				CLANG_ENABLE_OBJC_ARC = YES;
				CLANG_ENABLE_OBJC_WEAK = YES;
				CLANG_WARN_BLOCK_CAPTURE_AUTORELEASING = YES;
				CLANG_WARN_BOOL_CONVERSION = YES;
				CLANG_WARN_COMMA = YES;
				CLANG_WARN_CONSTANT_CONVERSION = YES;
				CLANG_WARN_DEPRECATED_OBJC_IMPLEMENTATIONS = YES;
				CLANG_WARN_DIRECT_OBJC_ISA_USAGE = YES_ERROR;
				CLANG_WARN_DOCUMENTATION_COMMENTS = YES;
				CLANG_WARN_EMPTY_BODY = YES;
				CLANG_WARN_ENUM_CONVERSION = YES;
				CLANG_WARN_INFINITE_RECURSION = YES;
				CLANG_WARN_INT_CONVERSION = YES;
				CLANG_WARN_NON_LITERAL_NULL_CONVERSION = YES;
				CLANG_WARN_OBJC_IMPLICIT_RETAIN_SELF = YES;
				CLANG_WARN_OBJC_LITERAL_CONVERSION = YES;
				CLANG_WARN_OBJC_ROOT_CLASS = YES_ERROR;
				CLANG_WARN_QUOTED_INCLUDE_IN_FRAMEWORK_HEADER = YES;
				CLANG_WARN_RANGE_LOOP_ANALYSIS = YES;
				CLANG_WARN_STRICT_PROTOTYPES = YES;
				CLANG_WARN_SUSPICIOUS_MOVE = YES;
				CLANG_WARN_UNGUARDED_AVAILABILITY = YES_AGGRESSIVE;
				CLANG_WARN_UNREACHABLE_CODE = YES;
				CLANG_WARN__DUPLICATE_METHOD_MATCH = YES;
				COPY_PHASE_STRIP = NO;
				DEBUG_INFORMATION_FORMAT = dwarf;
				ENABLE_STRICT_OBJC_MSGSEND = YES;
				ENABLE_TESTABILITY = YES;
				GCC_C_LANGUAGE_STANDARD = gnu11;
				GCC_DYNAMIC_NO_PIC = NO;
				GCC_NO_COMMON_BLOCKS = YES;
				GCC_OPTIMIZATION_LEVEL = 0;
				GCC_PREPROCESSOR_DEFINITIONS = (
					"DEBUG=1",
					"$(inherited)",
				);
				GCC_WARN_64_TO_32_BIT_CONVERSION = YES;
				GCC_WARN_ABOUT_RETURN_TYPE = YES_ERROR;
				GCC_WARN_UNDECLARED_SELECTOR = YES;
				GCC_WARN_UNINITIALIZED_AUTOS = YES_AGGRESSIVE;
				GCC_WARN_UNUSED_FUNCTION = YES;
				GCC_WARN_UNUSED_VARIABLE = YES;
				IPHONEOS_DEPLOYMENT_TARGET = 16.4;
				MTL_ENABLE_DEBUG_INFO = INCLUDE_SOURCE;
				MTL_FAST_MATH = YES;
				ONLY_ACTIVE_ARCH = YES;
				SDKROOT = iphoneos;
				SWIFT_ACTIVE_COMPILATION_CONDITIONS = DEBUG;
				SWIFT_OPTIMIZATION_LEVEL = "-Onone";
			};
			name = Debug;
		};
		36FBC0672A1FB6B800C5C35E /* Release */ = {
			isa = XCBuildConfiguration;
			buildSettings = {
				ALWAYS_SEARCH_USER_PATHS = NO;
				CLANG_ANALYZER_NONNULL = YES;
				CLANG_ANALYZER_NUMBER_OBJECT_CONVERSION = YES_AGGRESSIVE;
				CLANG_CXX_LANGUAGE_STANDARD = "gnu++20";
				CLANG_ENABLE_MODULES = YES;
				CLANG_ENABLE_OBJC_ARC = YES;
				CLANG_ENABLE_OBJC_WEAK = YES;
				CLANG_WARN_BLOCK_CAPTURE_AUTORELEASING = YES;
				CLANG_WARN_BOOL_CONVERSION = YES;
				CLANG_WARN_COMMA = YES;
				CLANG_WARN_CONSTANT_CONVERSION = YES;
				CLANG_WARN_DEPRECATED_OBJC_IMPLEMENTATIONS = YES;
				CLANG_WARN_DIRECT_OBJC_ISA_USAGE = YES_ERROR;
				CLANG_WARN_DOCUMENTATION_COMMENTS = YES;
				CLANG_WARN_EMPTY_BODY = YES;
				CLANG_WARN_ENUM_CONVERSION = YES;
				CLANG_WARN_INFINITE_RECURSION = YES;
				CLANG_WARN_INT_CONVERSION = YES;
				CLANG_WARN_NON_LITERAL_NULL_CONVERSION = YES;
				CLANG_WARN_OBJC_IMPLICIT_RETAIN_SELF = YES;
				CLANG_WARN_OBJC_LITERAL_CONVERSION = YES;
				CLANG_WARN_OBJC_ROOT_CLASS = YES_ERROR;
				CLANG_WARN_QUOTED_INCLUDE_IN_FRAMEWORK_HEADER = YES;
				CLANG_WARN_RANGE_LOOP_ANALYSIS = YES;
				CLANG_WARN_STRICT_PROTOTYPES = YES;
				CLANG_WARN_SUSPICIOUS_MOVE = YES;
				CLANG_WARN_UNGUARDED_AVAILABILITY = YES_AGGRESSIVE;
				CLANG_WARN_UNREACHABLE_CODE = YES;
				CLANG_WARN__DUPLICATE_METHOD_MATCH = YES;
				COPY_PHASE_STRIP = NO;
				DEBUG_INFORMATION_FORMAT = "dwarf-with-dsym";
				ENABLE_NS_ASSERTIONS = NO;
				ENABLE_STRICT_OBJC_MSGSEND = YES;
				GCC_C_LANGUAGE_STANDARD = gnu11;
				GCC_NO_COMMON_BLOCKS = YES;
				GCC_WARN_64_TO_32_BIT_CONVERSION = YES;
				GCC_WARN_ABOUT_RETURN_TYPE = YES_ERROR;
				GCC_WARN_UNDECLARED_SELECTOR = YES;
				GCC_WARN_UNINITIALIZED_AUTOS = YES_AGGRESSIVE;
				GCC_WARN_UNUSED_FUNCTION = YES;
				GCC_WARN_UNUSED_VARIABLE = YES;
				IPHONEOS_DEPLOYMENT_TARGET = 16.4;
				MTL_ENABLE_DEBUG_INFO = NO;
				MTL_FAST_MATH = YES;
				SDKROOT = iphoneos;
				SWIFT_COMPILATION_MODE = wholemodule;
				SWIFT_OPTIMIZATION_LEVEL = "-O";
				VALIDATE_PRODUCT = YES;
			};
			name = Release;
		};
		36FBC0692A1FB6B800C5C35E /* Debug */ = {
			isa = XCBuildConfiguration;
			buildSettings = {
				ALWAYS_EMBED_SWIFT_STANDARD_LIBRARIES = YES;
				ASSETCATALOG_COMPILER_APPICON_NAME = AppIcon;
				ASSETCATALOG_COMPILER_GLOBAL_ACCENT_COLOR_NAME = AccentColor;
				CODE_SIGN_STYLE = Automatic;
				CURRENT_PROJECT_VERSION = 1;
				GENERATE_INFOPLIST_FILE = YES;
				INFOPLIST_FILE = "Project 19/Info.plist";
				INFOPLIST_KEY_UIApplicationSupportsIndirectInputEvents = YES;
				INFOPLIST_KEY_UILaunchStoryboardName = LaunchScreen;
				INFOPLIST_KEY_UIMainStoryboardFile = Main;
				INFOPLIST_KEY_UISupportedInterfaceOrientations_iPad = "UIInterfaceOrientationPortrait UIInterfaceOrientationPortraitUpsideDown UIInterfaceOrientationLandscapeLeft UIInterfaceOrientationLandscapeRight";
				INFOPLIST_KEY_UISupportedInterfaceOrientations_iPhone = "UIInterfaceOrientationPortrait UIInterfaceOrientationLandscapeLeft UIInterfaceOrientationLandscapeRight";
				LD_RUNPATH_SEARCH_PATHS = (
					"$(inherited)",
					"@executable_path/Frameworks",
				);
				MARKETING_VERSION = 1.0;
				PRODUCT_BUNDLE_IDENTIFIER = "none.Project-19";
				PRODUCT_NAME = "$(TARGET_NAME)";
				SWIFT_EMIT_LOC_STRINGS = YES;
				SWIFT_VERSION = 5.0;
				TARGETED_DEVICE_FAMILY = "1,2";
			};
			name = Debug;
		};
		36FBC06A2A1FB6B800C5C35E /* Release */ = {
			isa = XCBuildConfiguration;
			buildSettings = {
				ALWAYS_EMBED_SWIFT_STANDARD_LIBRARIES = YES;
				ASSETCATALOG_COMPILER_APPICON_NAME = AppIcon;
				ASSETCATALOG_COMPILER_GLOBAL_ACCENT_COLOR_NAME = AccentColor;
				CODE_SIGN_STYLE = Automatic;
				CURRENT_PROJECT_VERSION = 1;
				GENERATE_INFOPLIST_FILE = YES;
				INFOPLIST_FILE = "Project 19/Info.plist";
				INFOPLIST_KEY_UIApplicationSupportsIndirectInputEvents = YES;
				INFOPLIST_KEY_UILaunchStoryboardName = LaunchScreen;
				INFOPLIST_KEY_UIMainStoryboardFile = Main;
				INFOPLIST_KEY_UISupportedInterfaceOrientations_iPad = "UIInterfaceOrientationPortrait UIInterfaceOrientationPortraitUpsideDown UIInterfaceOrientationLandscapeLeft UIInterfaceOrientationLandscapeRight";
				INFOPLIST_KEY_UISupportedInterfaceOrientations_iPhone = "UIInterfaceOrientationPortrait UIInterfaceOrientationLandscapeLeft UIInterfaceOrientationLandscapeRight";
				LD_RUNPATH_SEARCH_PATHS = (
					"$(inherited)",
					"@executable_path/Frameworks",
				);
				MARKETING_VERSION = 1.0;
				PRODUCT_BUNDLE_IDENTIFIER = "none.Project-19";
				PRODUCT_NAME = "$(TARGET_NAME)";
				SWIFT_EMIT_LOC_STRINGS = YES;
				SWIFT_VERSION = 5.0;
				TARGETED_DEVICE_FAMILY = "1,2";
			};
			name = Release;
		};
		36FBC0802A1FBAFB00C5C35E /* Debug */ = {
			isa = XCBuildConfiguration;
			buildSettings = {
				CODE_SIGN_STYLE = Automatic;
				CURRENT_PROJECT_VERSION = 1;
				GENERATE_INFOPLIST_FILE = YES;
				INFOPLIST_FILE = Extension/Info.plist;
				INFOPLIST_KEY_CFBundleDisplayName = Extension;
				INFOPLIST_KEY_NSHumanReadableCopyright = "";
				LD_RUNPATH_SEARCH_PATHS = (
					"$(inherited)",
					"@executable_path/Frameworks",
					"@executable_path/../../Frameworks",
				);
				MARKETING_VERSION = 1.0;
				PRODUCT_BUNDLE_IDENTIFIER = "none.Project-19.Extension";
				PRODUCT_NAME = "$(TARGET_NAME)";
				SKIP_INSTALL = YES;
				SWIFT_EMIT_LOC_STRINGS = YES;
				SWIFT_VERSION = 5.0;
				TARGETED_DEVICE_FAMILY = "1,2";
			};
			name = Debug;
		};
		36FBC0812A1FBAFB00C5C35E /* Release */ = {
			isa = XCBuildConfiguration;
			buildSettings = {
				CODE_SIGN_STYLE = Automatic;
				CURRENT_PROJECT_VERSION = 1;
				GENERATE_INFOPLIST_FILE = YES;
				INFOPLIST_FILE = Extension/Info.plist;
				INFOPLIST_KEY_CFBundleDisplayName = Extension;
				INFOPLIST_KEY_NSHumanReadableCopyright = "";
				LD_RUNPATH_SEARCH_PATHS = (
					"$(inherited)",
					"@executable_path/Frameworks",
					"@executable_path/../../Frameworks",
				);
				MARKETING_VERSION = 1.0;
				PRODUCT_BUNDLE_IDENTIFIER = "none.Project-19.Extension";
				PRODUCT_NAME = "$(TARGET_NAME)";
				SKIP_INSTALL = YES;
				SWIFT_EMIT_LOC_STRINGS = YES;
				SWIFT_VERSION = 5.0;
				TARGETED_DEVICE_FAMILY = "1,2";
			};
			name = Release;
		};
/* End XCBuildConfiguration section */

/* Begin XCConfigurationList section */
		36FBC04F2A1FB6B700C5C35E /* Build configuration list for PBXProject "Project 19" */ = {
			isa = XCConfigurationList;
			buildConfigurations = (
				36FBC0662A1FB6B800C5C35E /* Debug */,
				36FBC0672A1FB6B800C5C35E /* Release */,
			);
			defaultConfigurationIsVisible = 0;
			defaultConfigurationName = Release;
		};
		36FBC0682A1FB6B800C5C35E /* Build configuration list for PBXNativeTarget "Project 19" */ = {
			isa = XCConfigurationList;
			buildConfigurations = (
				36FBC0692A1FB6B800C5C35E /* Debug */,
				36FBC06A2A1FB6B800C5C35E /* Release */,
			);
			defaultConfigurationIsVisible = 0;
			defaultConfigurationName = Release;
		};
		36FBC07F2A1FBAFB00C5C35E /* Build configuration list for PBXNativeTarget "Extension" */ = {
			isa = XCConfigurationList;
			buildConfigurations = (
				36FBC0802A1FBAFB00C5C35E /* Debug */,
				36FBC0812A1FBAFB00C5C35E /* Release */,
			);
			defaultConfigurationIsVisible = 0;
			defaultConfigurationName = Release;
		};
/* End XCConfigurationList section */
	};
	rootObject = 36FBC04C2A1FB6B700C5C35E /* Project object */;
}
